// !$*UTF8*$!
{
	archiveVersion = 1;
	classes = {
	};
	objectVersion = 77;
	objects = {

/* Begin PBXBuildFile section */
		159AC3BA6B6DF9118E0DE9AC /* 11.png in Resources */ = {isa = PBXBuildFile; fileRef = 87D01524914F5A2646BB497F /* 11.png */; };
		1DEE1CFCE2372B465F3352AF /* 13.png in Resources */ = {isa = PBXBuildFile; fileRef = 59955E7F437280FC10DD56DE /* 13.png */; };
		3DC1F02C30751FD00AF0C06E /* 3.png in Resources */ = {isa = PBXBuildFile; fileRef = 8535737FEBDD4675E5265233 /* 3.png */; };
		44C8F3DDC8BA80B73753F501 /* 14.png in Resources */ = {isa = PBXBuildFile; fileRef = 8CF425F7DB7CDBFDD7446EB9 /* 14.png */; };
		4653AAF2BD63AC841C5C7794 /* 4.png in Resources */ = {isa = PBXBuildFile; fileRef = 78CB67D9C0CB26A0D171D2A5 /* 4.png */; };
		4D9A0E0AA8C2235F13BA141E /* Main.storyboard in Resources */ = {isa = PBXBuildFile; fileRef = 6C4E341988FBE8DA76445C70 /* Main.storyboard */; };
		5892041E99CAE6A53E7E3CEC /* 10.png in Resources */ = {isa = PBXBuildFile; fileRef = E190EBB5326ACB318663ADBE /* 10.png */; };
		62065EB946F2CD38230081F3 /* 6.png in Resources */ = {isa = PBXBuildFile; fileRef = 823B4C937E3AEED150C94B89 /* 6.png */; };
		672FD6871FC4704EBE7EDD96 /* 15.png in Resources */ = {isa = PBXBuildFile; fileRef = 8A785CB3C3C1D6DB64BAC06C /* 15.png */; };
		686354AA9CD27230064CB173 /* ViewController.m in Sources */ = {isa = PBXBuildFile; fileRef = 381E93F5838EF2304CE6FB9E /* ViewController.m */; };
		6D220A4070DC84A0E3528AF9 /* 1.png in Resources */ = {isa = PBXBuildFile; fileRef = 57001BC10A69FC3964402A8C /* 1.png */; };
		7D81E0A3E7096B0F59EDE43D /* ios_objc_mixTests.m in Sources */ = {isa = PBXBuildFile; fileRef = EB99EEEDB74021F0DC537DF5 /* ios_objc_mixTests.m */; };
		88DE771D6C13FBD0734428E3 /* 12.png in Resources */ = {isa = PBXBuildFile; fileRef = 9931A4611C93E9D9B3CE19C8 /* 12.png */; };
		8A504C7B520D1DE1C67EA656 /* AppDelegate.m in Sources */ = {isa = PBXBuildFile; fileRef = 5FEFECDF26911972660CCA25 /* AppDelegate.m */; };
		A4D65C403A881D43F2E2BC0C /* 2.png in Resources */ = {isa = PBXBuildFile; fileRef = E11AB447781D7841F05C75FB /* 2.png */; };
		A7A7163700FD99E4B87E6710 /* SwiftController.swift in Sources */ = {isa = PBXBuildFile; fileRef = 24DBA06A85613F6EB56F28D0 /* SwiftController.swift */; };
		B0ED2EF5807E37A61836340B /* main.m in Sources */ = {isa = PBXBuildFile; fileRef = 67521E234B5F1C4B1E2FA94D /* main.m */; };
		B790603F1F76BB5C31CE174B /* 7.png in Resources */ = {isa = PBXBuildFile; fileRef = 26FD687F12FAE9CF6FD21554 /* 7.png */; };
		C693EF3102237BC5DBC7B654 /* ObjCObject.m in Sources */ = {isa = PBXBuildFile; fileRef = 9D511480AEB91DC1D7F7C007 /* ObjCObject.m */; };
		CCA9571E8B5F2FE303406D17 /* 9.png in Resources */ = {isa = PBXBuildFile; fileRef = D19CFE01E2D66C517CD98400 /* 9.png */; };
		DD23A4E165A05E3E7F5631ED /* Images.xcassets in Resources */ = {isa = PBXBuildFile; fileRef = 468247FCADD44584FED72AE9 /* Images.xcassets */; };
		EACE0F417FD6CD369811C9CA /* LaunchScreen.xib in Resources */ = {isa = PBXBuildFile; fileRef = 64C0BDE4445AE926CFC3BCF0 /* LaunchScreen.xib */; };
		F01286D50F8934880BA286D1 /* 8.png in Resources */ = {isa = PBXBuildFile; fileRef = 8CF5C8E4938718BB71CACEC4 /* 8.png */; };
		F02E3E0410901E5EAB76142C /* 5.png in Resources */ = {isa = PBXBuildFile; fileRef = 43F3CF53AC80F218E22D2B30 /* 5.png */; };
/* End PBXBuildFile section */

/* Begin PBXContainerItemProxy section */
		B4096486B1B430846AC8FB1A /* PBXContainerItemProxy */ = {
			isa = PBXContainerItemProxy;
			containerPortal = 6FB84AB9BED61E94AFF8126E /* Project object */;
			proxyType = 1;
			remoteGlobalIDString = F59496CCC28CDDAD905B654C;
			remoteInfo = ios_objc_mix;
		};
/* End PBXContainerItemProxy section */

/* Begin PBXFileReference section */
		15826D359A28C041E159E1C2 /* Base */ = {isa = PBXFileReference; lastKnownFileType = file.xib; name = Base; path = Base.lproj/LaunchScreen.xib; sourceTree = "<group>"; };
		24DBA06A85613F6EB56F28D0 /* SwiftController.swift */ = {isa = PBXFileReference; lastKnownFileType = sourcecode.swift; path = SwiftController.swift; sourceTree = "<group>"; };
		2533F7CF95A16C0C18D5EBAB /* MixTest.xctest */ = {isa = PBXFileReference; includeInIndex = 0; lastKnownFileType = wrapper.cfbundle; path = MixTest.xctest; sourceTree = BUILT_PRODUCTS_DIR; };
		26FD687F12FAE9CF6FD21554 /* 7.png */ = {isa = PBXFileReference; lastKnownFileType = image.png; path = 7.png; sourceTree = "<group>"; };
		381E93F5838EF2304CE6FB9E /* ViewController.m */ = {isa = PBXFileReference; lastKnownFileType = sourcecode.c.objc; path = ViewController.m; sourceTree = "<group>"; };
		43F3CF53AC80F218E22D2B30 /* 5.png */ = {isa = PBXFileReference; lastKnownFileType = image.png; path = 5.png; sourceTree = "<group>"; };
		468247FCADD44584FED72AE9 /* Images.xcassets */ = {isa = PBXFileReference; lastKnownFileType = folder.assetcatalog; path = Images.xcassets; sourceTree = "<group>"; };
		57001BC10A69FC3964402A8C /* 1.png */ = {isa = PBXFileReference; lastKnownFileType = image.png; path = 1.png; sourceTree = "<group>"; };
		59955E7F437280FC10DD56DE /* 13.png */ = {isa = PBXFileReference; lastKnownFileType = image.png; path = 13.png; sourceTree = "<group>"; };
		5FEFECDF26911972660CCA25 /* AppDelegate.m */ = {isa = PBXFileReference; lastKnownFileType = sourcecode.c.objc; path = AppDelegate.m; sourceTree = "<group>"; };
		63A0BE0FEBD33B5C01B26818 /* ios_objc_mix.app */ = {isa = PBXFileReference; includeInIndex = 0; lastKnownFileType = wrapper.application; path = ios_objc_mix.app; sourceTree = BUILT_PRODUCTS_DIR; };
		67521E234B5F1C4B1E2FA94D /* main.m */ = {isa = PBXFileReference; lastKnownFileType = sourcecode.c.objc; path = main.m; sourceTree = "<group>"; };
		78CB67D9C0CB26A0D171D2A5 /* 4.png */ = {isa = PBXFileReference; lastKnownFileType = image.png; path = 4.png; sourceTree = "<group>"; };
		823B4C937E3AEED150C94B89 /* 6.png */ = {isa = PBXFileReference; lastKnownFileType = image.png; path = 6.png; sourceTree = "<group>"; };
		8535737FEBDD4675E5265233 /* 3.png */ = {isa = PBXFileReference; lastKnownFileType = image.png; path = 3.png; sourceTree = "<group>"; };
		87D01524914F5A2646BB497F /* 11.png */ = {isa = PBXFileReference; lastKnownFileType = image.png; path = 11.png; sourceTree = "<group>"; };
		8A785CB3C3C1D6DB64BAC06C /* 15.png */ = {isa = PBXFileReference; lastKnownFileType = image.png; path = 15.png; sourceTree = "<group>"; };
		8CF425F7DB7CDBFDD7446EB9 /* 14.png */ = {isa = PBXFileReference; lastKnownFileType = image.png; path = 14.png; sourceTree = "<group>"; };
		8CF5C8E4938718BB71CACEC4 /* 8.png */ = {isa = PBXFileReference; lastKnownFileType = image.png; path = 8.png; sourceTree = "<group>"; };
		9931A4611C93E9D9B3CE19C8 /* 12.png */ = {isa = PBXFileReference; lastKnownFileType = image.png; path = 12.png; sourceTree = "<group>"; };
		9D511480AEB91DC1D7F7C007 /* ObjCObject.m */ = {isa = PBXFileReference; lastKnownFileType = sourcecode.c.objc; path = ObjCObject.m; sourceTree = "<group>"; };
		AD3620D90C28ED9168B70658 /* AppDelegate.h */ = {isa = PBXFileReference; lastKnownFileType = sourcecode.c.h; path = AppDelegate.h; sourceTree = "<group>"; };
		B4F826778AF0CDCDCD8437E5 /* ios_objc_mix-PrefixHeader.pch */ = {isa = PBXFileReference; lastKnownFileType = sourcecode.c.h; path = "ios_objc_mix-PrefixHeader.pch"; sourceTree = "<group>"; };
		BDE463C13364B7DF7477C811 /* ViewController.h */ = {isa = PBXFileReference; lastKnownFileType = sourcecode.c.h; path = ViewController.h; sourceTree = "<group>"; };
		D19CFE01E2D66C517CD98400 /* 9.png */ = {isa = PBXFileReference; lastKnownFileType = image.png; path = 9.png; sourceTree = "<group>"; };
		DAEA755DCFA871483884386A /* Info.plist */ = {isa = PBXFileReference; lastKnownFileType = text.plist; path = Info.plist; sourceTree = "<group>"; };
		E11AB447781D7841F05C75FB /* 2.png */ = {isa = PBXFileReference; lastKnownFileType = image.png; path = 2.png; sourceTree = "<group>"; };
		E190EBB5326ACB318663ADBE /* 10.png */ = {isa = PBXFileReference; lastKnownFileType = image.png; path = 10.png; sourceTree = "<group>"; };
		EB99EEEDB74021F0DC537DF5 /* ios_objc_mixTests.m */ = {isa = PBXFileReference; lastKnownFileType = sourcecode.c.objc; path = ios_objc_mixTests.m; sourceTree = "<group>"; };
		F23BD2EDED87D2C3670E1CFE /* ios_objc_mix-Bridging-Header.h */ = {isa = PBXFileReference; lastKnownFileType = sourcecode.c.h; path = "ios_objc_mix-Bridging-Header.h"; sourceTree = "<group>"; };
		F433541B4E109C3117DD2A71 /* ObjCObject.h */ = {isa = PBXFileReference; lastKnownFileType = sourcecode.c.h; path = ObjCObject.h; sourceTree = "<group>"; };
		F83A8F0F7C6BE0DEBE558C41 /* Base */ = {isa = PBXFileReference; lastKnownFileType = file.storyboard; name = Base; path = Base.lproj/Main.storyboard; sourceTree = "<group>"; };
/* End PBXFileReference section */

/* Begin PBXGroup section */
		101F9F2AA2E7144DB3E7504C = {
			isa = PBXGroup;
			children = (
				6C84F37DF36AE014882A39B7 /* ios_objc_mix */,
				BBC30EC7102D49645BB2C0AE /* ios_objc_mixTests */,
				8B58C3C72CA8B4D2C1BB705D /* Products */,
			);
			sourceTree = "<group>";
		};
		6C84F37DF36AE014882A39B7 /* ios_objc_mix */ = {
			isa = PBXGroup;
			children = (
				AD3620D90C28ED9168B70658 /* AppDelegate.h */,
				5FEFECDF26911972660CCA25 /* AppDelegate.m */,
				468247FCADD44584FED72AE9 /* Images.xcassets */,
				DAEA755DCFA871483884386A /* Info.plist */,
				F23BD2EDED87D2C3670E1CFE /* ios_objc_mix-Bridging-Header.h */,
				B4F826778AF0CDCDCD8437E5 /* ios_objc_mix-PrefixHeader.pch */,
				64C0BDE4445AE926CFC3BCF0 /* LaunchScreen.xib */,
				67521E234B5F1C4B1E2FA94D /* main.m */,
				6C4E341988FBE8DA76445C70 /* Main.storyboard */,
				F433541B4E109C3117DD2A71 /* ObjCObject.h */,
				9D511480AEB91DC1D7F7C007 /* ObjCObject.m */,
				24DBA06A85613F6EB56F28D0 /* SwiftController.swift */,
				BDE463C13364B7DF7477C811 /* ViewController.h */,
				381E93F5838EF2304CE6FB9E /* ViewController.m */,
				9F62B42C0C693B1D58FB8E7A /* img */,
			);
			path = ios_objc_mix;
			sourceTree = "<group>";
		};
		8B58C3C72CA8B4D2C1BB705D /* Products */ = {
			isa = PBXGroup;
			children = (
				63A0BE0FEBD33B5C01B26818 /* ios_objc_mix.app */,
				2533F7CF95A16C0C18D5EBAB /* MixTest.xctest */,
			);
			name = Products;
			sourceTree = "<group>";
		};
		9F62B42C0C693B1D58FB8E7A /* img */ = {
			isa = PBXGroup;
			children = (
				57001BC10A69FC3964402A8C /* 1.png */,
				E11AB447781D7841F05C75FB /* 2.png */,
				8535737FEBDD4675E5265233 /* 3.png */,
				78CB67D9C0CB26A0D171D2A5 /* 4.png */,
				43F3CF53AC80F218E22D2B30 /* 5.png */,
				823B4C937E3AEED150C94B89 /* 6.png */,
				26FD687F12FAE9CF6FD21554 /* 7.png */,
				8CF5C8E4938718BB71CACEC4 /* 8.png */,
				D19CFE01E2D66C517CD98400 /* 9.png */,
				E190EBB5326ACB318663ADBE /* 10.png */,
				87D01524914F5A2646BB497F /* 11.png */,
				9931A4611C93E9D9B3CE19C8 /* 12.png */,
				59955E7F437280FC10DD56DE /* 13.png */,
				8CF425F7DB7CDBFDD7446EB9 /* 14.png */,
				8A785CB3C3C1D6DB64BAC06C /* 15.png */,
			);
			path = img;
			sourceTree = "<group>";
		};
		BBC30EC7102D49645BB2C0AE /* ios_objc_mixTests */ = {
			isa = PBXGroup;
			children = (
				EB99EEEDB74021F0DC537DF5 /* ios_objc_mixTests.m */,
			);
			path = ios_objc_mixTests;
			sourceTree = "<group>";
		};
/* End PBXGroup section */

/* Begin PBXNativeTarget section */
		72E747E72E96D498E1B00F4A /* MixTest */ = {
			isa = PBXNativeTarget;
			buildConfigurationList = 166A6D4B99C62842461616F2 /* Build configuration list for PBXNativeTarget "MixTest" */;
			buildPhases = (
				EDE241A88A27C5AC1AD81CA4 /* Sources */,
			);
			buildRules = (
			);
			dependencies = (
				FACA14BA3BEEDCE71B8A0E6A /* PBXTargetDependency */,
			);
			name = MixTest;
			packageProductDependencies = (
			);
			productName = MixTest;
			productReference = 2533F7CF95A16C0C18D5EBAB /* MixTest.xctest */;
			productType = "com.apple.product-type.bundle.unit-test";
		};
		F59496CCC28CDDAD905B654C /* ios_objc_mix */ = {
			isa = PBXNativeTarget;
			buildConfigurationList = BA2270609B1ED884DC1A156D /* Build configuration list for PBXNativeTarget "ios_objc_mix" */;
			buildPhases = (
				C353559264CEA99A6328EFF9 /* Sources */,
				D0BA28862475D530074DD570 /* Resources */,
			);
			buildRules = (
			);
			dependencies = (
			);
			name = ios_objc_mix;
			packageProductDependencies = (
			);
			productName = ios_objc_mix;
			productReference = 63A0BE0FEBD33B5C01B26818 /* ios_objc_mix.app */;
			productType = "com.apple.product-type.application";
		};
/* End PBXNativeTarget section */

/* Begin PBXProject section */
		6FB84AB9BED61E94AFF8126E /* Project object */ = {
			isa = PBXProject;
			attributes = {
				BuildIndependentTargetsInParallel = YES;
				LastUpgradeCheck = 1430;
				TargetAttributes = {
					F59496CCC28CDDAD905B654C = {
						DevelopmentTeam = 6HPVY63L4K;
						ProvisioningStyle = Manual;
					};
				};
			};
			buildConfigurationList = A7B2B8D3CCCFB65F62137EA3 /* Build configuration list for PBXProject "ios_objc_mix" */;
			compatibilityVersion = "Xcode 14.0";
			developmentRegion = en;
			hasScannedForEncodings = 0;
			knownRegions = (
				Base,
				en,
			);
			mainGroup = 101F9F2AA2E7144DB3E7504C;
			minimizedProjectReferenceProxies = 1;
			preferredProjectObjectVersion = 77;
			projectDirPath = "";
			projectRoot = "";
			targets = (
				72E747E72E96D498E1B00F4A /* MixTest */,
				F59496CCC28CDDAD905B654C /* ios_objc_mix */,
			);
		};
/* End PBXProject section */

/* Begin PBXResourcesBuildPhase section */
		D0BA28862475D530074DD570 /* Resources */ = {
			isa = PBXResourcesBuildPhase;
			buildActionMask = 2147483647;
			files = (
				6D220A4070DC84A0E3528AF9 /* 1.png in Resources */,
				5892041E99CAE6A53E7E3CEC /* 10.png in Resources */,
				159AC3BA6B6DF9118E0DE9AC /* 11.png in Resources */,
				88DE771D6C13FBD0734428E3 /* 12.png in Resources */,
				1DEE1CFCE2372B465F3352AF /* 13.png in Resources */,
				44C8F3DDC8BA80B73753F501 /* 14.png in Resources */,
				672FD6871FC4704EBE7EDD96 /* 15.png in Resources */,
				A4D65C403A881D43F2E2BC0C /* 2.png in Resources */,
				3DC1F02C30751FD00AF0C06E /* 3.png in Resources */,
				4653AAF2BD63AC841C5C7794 /* 4.png in Resources */,
				F02E3E0410901E5EAB76142C /* 5.png in Resources */,
				62065EB946F2CD38230081F3 /* 6.png in Resources */,
				B790603F1F76BB5C31CE174B /* 7.png in Resources */,
				F01286D50F8934880BA286D1 /* 8.png in Resources */,
				CCA9571E8B5F2FE303406D17 /* 9.png in Resources */,
				DD23A4E165A05E3E7F5631ED /* Images.xcassets in Resources */,
				EACE0F417FD6CD369811C9CA /* LaunchScreen.xib in Resources */,
				4D9A0E0AA8C2235F13BA141E /* Main.storyboard in Resources */,
			);
			runOnlyForDeploymentPostprocessing = 0;
		};
/* End PBXResourcesBuildPhase section */

/* Begin PBXSourcesBuildPhase section */
		C353559264CEA99A6328EFF9 /* Sources */ = {
			isa = PBXSourcesBuildPhase;
			buildActionMask = 2147483647;
			files = (
				8A504C7B520D1DE1C67EA656 /* AppDelegate.m in Sources */,
				C693EF3102237BC5DBC7B654 /* ObjCObject.m in Sources */,
				A7A7163700FD99E4B87E6710 /* SwiftController.swift in Sources */,
				686354AA9CD27230064CB173 /* ViewController.m in Sources */,
				B0ED2EF5807E37A61836340B /* main.m in Sources */,
			);
			runOnlyForDeploymentPostprocessing = 0;
		};
		EDE241A88A27C5AC1AD81CA4 /* Sources */ = {
			isa = PBXSourcesBuildPhase;
			buildActionMask = 2147483647;
			files = (
				7D81E0A3E7096B0F59EDE43D /* ios_objc_mixTests.m in Sources */,
			);
			runOnlyForDeploymentPostprocessing = 0;
		};
/* End PBXSourcesBuildPhase section */

/* Begin PBXTargetDependency section */
		FACA14BA3BEEDCE71B8A0E6A /* PBXTargetDependency */ = {
			isa = PBXTargetDependency;
			target = F59496CCC28CDDAD905B654C /* ios_objc_mix */;
			targetProxy = B4096486B1B430846AC8FB1A /* PBXContainerItemProxy */;
		};
/* End PBXTargetDependency section */

/* Begin PBXVariantGroup section */
		64C0BDE4445AE926CFC3BCF0 /* LaunchScreen.xib */ = {
			isa = PBXVariantGroup;
			children = (
				15826D359A28C041E159E1C2 /* Base */,
			);
			name = LaunchScreen.xib;
			sourceTree = "<group>";
		};
		6C4E341988FBE8DA76445C70 /* Main.storyboard */ = {
			isa = PBXVariantGroup;
			children = (
				F83A8F0F7C6BE0DEBE558C41 /* Base */,
			);
			name = Main.storyboard;
			sourceTree = "<group>";
		};
/* End PBXVariantGroup section */

/* Begin XCBuildConfiguration section */
		0F77B028E75AABFA5557F98F /* Release */ = {
			isa = XCBuildConfiguration;
			buildSettings = {
				BUNDLE_LOADER = "$(TEST_HOST)";
				IPHONEOS_DEPLOYMENT_TARGET = 17.0;
				LD_RUNPATH_SEARCH_PATHS = (
					"$(inherited)",
					"@executable_path/Frameworks",
					"@loader_path/Frameworks",
				);
				SDKROOT = iphoneos;
				SWIFT_VERSION = 5;
				TARGETED_DEVICE_FAMILY = "1,2";
				TEST_HOST = "$(BUILT_PRODUCTS_DIR)/ios_objc_mix.app/ios_objc_mix";
			};
			name = Release;
		};
		2BCC0B83CF1D94141DEFF50D /* Debug */ = {
			isa = XCBuildConfiguration;
			buildSettings = {
				BUNDLE_LOADER = "$(TEST_HOST)";
				IPHONEOS_DEPLOYMENT_TARGET = 17.0;
				LD_RUNPATH_SEARCH_PATHS = (
					"$(inherited)",
					"@executable_path/Frameworks",
					"@loader_path/Frameworks",
				);
				SDKROOT = iphoneos;
				SWIFT_VERSION = 5;
				TARGETED_DEVICE_FAMILY = "1,2";
				TEST_HOST = "$(BUILT_PRODUCTS_DIR)/ios_objc_mix.app/ios_objc_mix";
			};
			name = Debug;
		};
		4ABCF0F652AB85E858235CC6 /* Release */ = {
			isa = XCBuildConfiguration;
			buildSettings = {
				ALWAYS_SEARCH_USER_PATHS = NO;
				CLANG_ANALYZER_NONNULL = YES;
				CLANG_ANALYZER_NUMBER_OBJECT_CONVERSION = YES_AGGRESSIVE;
				CLANG_CXX_LANGUAGE_STANDARD = "gnu++14";
				CLANG_CXX_LIBRARY = "libc++";
				CLANG_ENABLE_MODULES = YES;
				CLANG_ENABLE_OBJC_ARC = YES;
				CLANG_ENABLE_OBJC_WEAK = YES;
				CLANG_WARN_BLOCK_CAPTURE_AUTORELEASING = YES;
				CLANG_WARN_BOOL_CONVERSION = YES;
				CLANG_WARN_COMMA = YES;
				CLANG_WARN_CONSTANT_CONVERSION = YES;
				CLANG_WARN_DEPRECATED_OBJC_IMPLEMENTATIONS = YES;
				CLANG_WARN_DIRECT_OBJC_ISA_USAGE = YES_ERROR;
				CLANG_WARN_DOCUMENTATION_COMMENTS = YES;
				CLANG_WARN_EMPTY_BODY = YES;
				CLANG_WARN_ENUM_CONVERSION = YES;
				CLANG_WARN_INFINITE_RECURSION = YES;
				CLANG_WARN_INT_CONVERSION = YES;
				CLANG_WARN_NON_LITERAL_NULL_CONVERSION = YES;
				CLANG_WARN_OBJC_IMPLICIT_RETAIN_SELF = YES;
				CLANG_WARN_OBJC_LITERAL_CONVERSION = YES;
				CLANG_WARN_OBJC_ROOT_CLASS = YES_ERROR;
				CLANG_WARN_QUOTED_INCLUDE_IN_FRAMEWORK_HEADER = YES;
				CLANG_WARN_RANGE_LOOP_ANALYSIS = YES;
				CLANG_WARN_STRICT_PROTOTYPES = YES;
				CLANG_WARN_SUSPICIOUS_MOVE = YES;
				CLANG_WARN_UNGUARDED_AVAILABILITY = YES_AGGRESSIVE;
				CLANG_WARN_UNREACHABLE_CODE = YES;
				CLANG_WARN__DUPLICATE_METHOD_MATCH = YES;
				COPY_PHASE_STRIP = NO;
				DEBUG_INFORMATION_FORMAT = "dwarf-with-dsym";
				ENABLE_NS_ASSERTIONS = NO;
				ENABLE_STRICT_OBJC_MSGSEND = YES;
				GCC_C_LANGUAGE_STANDARD = gnu11;
				GCC_NO_COMMON_BLOCKS = YES;
				GCC_WARN_64_TO_32_BIT_CONVERSION = YES;
				GCC_WARN_ABOUT_RETURN_TYPE = YES_ERROR;
				GCC_WARN_UNDECLARED_SELECTOR = YES;
				GCC_WARN_UNINITIALIZED_AUTOS = YES_AGGRESSIVE;
				GCC_WARN_UNUSED_FUNCTION = YES;
				GCC_WARN_UNUSED_VARIABLE = YES;
				MTL_ENABLE_DEBUG_INFO = NO;
				MTL_FAST_MATH = YES;
				PRODUCT_NAME = "$(TARGET_NAME)";
				SDKROOT = iphoneos;
				SWIFT_COMPILATION_MODE = wholemodule;
				SWIFT_OPTIMIZATION_LEVEL = "-O";
				SWIFT_VERSION = 5.0;
			};
			name = Release;
		};
		4FB6C5220A90785B831920D7 /* Release */ = {
			isa = XCBuildConfiguration;
			buildSettings = {
				ASSETCATALOG_COMPILER_APPICON_NAME = "";
				CODE_SIGN_IDENTITY = "iPhone Developer";
				CODE_SIGN_STYLE = Manual;
				CURRENT_PROJECT_VERSION = 14;
				DEBUG_INFORMATION_FORMAT = "dwarf-with-dsym";
				DEVELOPMENT_TEAM = 6HPVY63L4K;
				GCC_PREFIX_HEADER = "ios_objc_mix/ios_objc_mix-PrefixHeader.pch";
				INFOPLIST_FILE = ios_objc_mix/Info.plist;
				IPHONEOS_DEPLOYMENT_TARGET = 17.0;
				LD_RUNPATH_SEARCH_PATHS = (
					"$(inherited)",
					"@executable_path/Frameworks",
				);
				MARKETING_VERSION = 1.3.3;
				ONLY_ACTIVE_ARCH = YES;
				PRODUCT_MODULE_NAME = ios_objc_mix;
				SDKROOT = iphoneos;
				SWIFT_OBJC_BRIDGING_HEADER = "ios_objc_mix/ios_objc_mix-Bridging-Header.h";
				SWIFT_OBJC_INTERFACE_HEADER_NAME = "toto-Swift.h";
				SWIFT_VERSION = 5;
				TARGETED_DEVICE_FAMILY = "1,2";
			};
			name = Release;
		};
		705C8466BF12E6D83BEF5E84 /* Debug */ = {
			isa = XCBuildConfiguration;
			buildSettings = {
				ALWAYS_SEARCH_USER_PATHS = NO;
				CLANG_ANALYZER_NONNULL = YES;
				CLANG_ANALYZER_NUMBER_OBJECT_CONVERSION = YES_AGGRESSIVE;
				CLANG_CXX_LANGUAGE_STANDARD = "gnu++14";
				CLANG_CXX_LIBRARY = "libc++";
				CLANG_ENABLE_MODULES = YES;
				CLANG_ENABLE_OBJC_ARC = YES;
				CLANG_ENABLE_OBJC_WEAK = YES;
				CLANG_WARN_BLOCK_CAPTURE_AUTORELEASING = YES;
				CLANG_WARN_BOOL_CONVERSION = YES;
				CLANG_WARN_COMMA = YES;
				CLANG_WARN_CONSTANT_CONVERSION = YES;
				CLANG_WARN_DEPRECATED_OBJC_IMPLEMENTATIONS = YES;
				CLANG_WARN_DIRECT_OBJC_ISA_USAGE = YES_ERROR;
				CLANG_WARN_DOCUMENTATION_COMMENTS = YES;
				CLANG_WARN_EMPTY_BODY = YES;
				CLANG_WARN_ENUM_CONVERSION = YES;
				CLANG_WARN_INFINITE_RECURSION = YES;
				CLANG_WARN_INT_CONVERSION = YES;
				CLANG_WARN_NON_LITERAL_NULL_CONVERSION = YES;
				CLANG_WARN_OBJC_IMPLICIT_RETAIN_SELF = YES;
				CLANG_WARN_OBJC_LITERAL_CONVERSION = YES;
				CLANG_WARN_OBJC_ROOT_CLASS = YES_ERROR;
				CLANG_WARN_QUOTED_INCLUDE_IN_FRAMEWORK_HEADER = YES;
				CLANG_WARN_RANGE_LOOP_ANALYSIS = YES;
				CLANG_WARN_STRICT_PROTOTYPES = YES;
				CLANG_WARN_SUSPICIOUS_MOVE = YES;
				CLANG_WARN_UNGUARDED_AVAILABILITY = YES_AGGRESSIVE;
				CLANG_WARN_UNREACHABLE_CODE = YES;
				CLANG_WARN__DUPLICATE_METHOD_MATCH = YES;
				COPY_PHASE_STRIP = NO;
				DEBUG_INFORMATION_FORMAT = dwarf;
				ENABLE_STRICT_OBJC_MSGSEND = YES;
				ENABLE_TESTABILITY = YES;
				GCC_C_LANGUAGE_STANDARD = gnu11;
				GCC_DYNAMIC_NO_PIC = NO;
				GCC_NO_COMMON_BLOCKS = YES;
				GCC_OPTIMIZATION_LEVEL = 0;
				GCC_PREPROCESSOR_DEFINITIONS = (
					"$(inherited)",
					"DEBUG=1",
				);
				GCC_WARN_64_TO_32_BIT_CONVERSION = YES;
				GCC_WARN_ABOUT_RETURN_TYPE = YES_ERROR;
				GCC_WARN_UNDECLARED_SELECTOR = YES;
				GCC_WARN_UNINITIALIZED_AUTOS = YES_AGGRESSIVE;
				GCC_WARN_UNUSED_FUNCTION = YES;
				GCC_WARN_UNUSED_VARIABLE = YES;
				MTL_ENABLE_DEBUG_INFO = INCLUDE_SOURCE;
				MTL_FAST_MATH = YES;
				ONLY_ACTIVE_ARCH = YES;
				PRODUCT_NAME = "$(TARGET_NAME)";
				SDKROOT = iphoneos;
				SWIFT_ACTIVE_COMPILATION_CONDITIONS = DEBUG;
				SWIFT_OPTIMIZATION_LEVEL = "-Onone";
				SWIFT_VERSION = 5.0;
			};
			name = Debug;
		};
		C5256816C296EB9720B5F07E /* Debug */ = {
			isa = XCBuildConfiguration;
			buildSettings = {
				ASSETCATALOG_COMPILER_APPICON_NAME = "";
				CODE_SIGN_IDENTITY = "iPhone Developer";
				CODE_SIGN_STYLE = Manual;
				CURRENT_PROJECT_VERSION = 14;
				DEBUG_INFORMATION_FORMAT = "dwarf-with-dsym";
				DEVELOPMENT_TEAM = 6HPVY63L4K;
				GCC_PREFIX_HEADER = "ios_objc_mix/ios_objc_mix-PrefixHeader.pch";
				INFOPLIST_FILE = ios_objc_mix/Info.plist;
				IPHONEOS_DEPLOYMENT_TARGET = 17.0;
				LD_RUNPATH_SEARCH_PATHS = (
					"$(inherited)",
					"@executable_path/Frameworks",
				);
				MARKETING_VERSION = 1.3.3;
				ONLY_ACTIVE_ARCH = YES;
				PRODUCT_MODULE_NAME = ios_objc_mix;
				SDKROOT = iphoneos;
				SWIFT_OBJC_BRIDGING_HEADER = "ios_objc_mix/ios_objc_mix-Bridging-Header.h";
				SWIFT_OBJC_INTERFACE_HEADER_NAME = "toto-Swift.h";
				SWIFT_VERSION = 5;
				TARGETED_DEVICE_FAMILY = "1,2";
			};
			name = Debug;
		};
/* End XCBuildConfiguration section */

/* Begin XCConfigurationList section */
		166A6D4B99C62842461616F2 /* Build configuration list for PBXNativeTarget "MixTest" */ = {
			isa = XCConfigurationList;
			buildConfigurations = (
				2BCC0B83CF1D94141DEFF50D /* Debug */,
				0F77B028E75AABFA5557F98F /* Release */,
			);
			defaultConfigurationIsVisible = 0;
			defaultConfigurationName = Debug;
		};
		A7B2B8D3CCCFB65F62137EA3 /* Build configuration list for PBXProject "ios_objc_mix" */ = {
			isa = XCConfigurationList;
			buildConfigurations = (
				705C8466BF12E6D83BEF5E84 /* Debug */,
				4ABCF0F652AB85E858235CC6 /* Release */,
			);
			defaultConfigurationIsVisible = 0;
			defaultConfigurationName = Debug;
		};
		BA2270609B1ED884DC1A156D /* Build configuration list for PBXNativeTarget "ios_objc_mix" */ = {
			isa = XCConfigurationList;
			buildConfigurations = (
				C5256816C296EB9720B5F07E /* Debug */,
				4FB6C5220A90785B831920D7 /* Release */,
			);
			defaultConfigurationIsVisible = 0;
			defaultConfigurationName = Debug;
		};
/* End XCConfigurationList section */
	};
	rootObject = 6FB84AB9BED61E94AFF8126E /* Project object */;
}
